{"is_source_file": false, "format": "", "description": "", "external_files": [], "external_methods": [], "published": [], "classes": [], "methods": [], "calls": [], "search-terms": [], "state": 2, "file_id": 17, "knowledge_revision": 31, "git_revision": "6ee4cd15e959de1df6fc22c45d97562fdbc03cc8", "hash": "9c4ed7ef73e22b872b8055bec08b8979", "format-version": 4, "code-base-name": "default", "filename": "microconnect_hub/post_process_status.lock", "revision_history": [{"31": "6ee4cd15e959de1df6fc22c45d97562fdbc03cc8"}]}