{"is_source_file": false, "format": "", "description": "", "external_files": [], "external_methods": [], "published": [], "classes": [], "methods": [], "calls": [], "search-terms": [], "state": 2, "file_id": 33, "knowledge_revision": 81, "git_revision": "c8f21a294954516dc5c0a329928d82ced60b23dc", "hash": "e9b4c3b42cef0193b7fddb548d37e652", "format-version": 4, "code-base-name": "default", "filename": "microconnect_hub/post_process_status.lock", "revision_history": [{"81": "c8f21a294954516dc5c0a329928d82ced60b23dc"}]}